
Microsoft Visual Studio Solution File, Format Version 12.00
# Visual Studio Version 16
VisualStudioVersion = 16.0.31005.135
MinimumVisualStudioVersion = 10.0.40219.1
Project("{9A19103F-16F7-4668-BE54-9A1E7A4F7556}") = "Assignment1Calc", "Assignment1Calc\Assignment1Calc.csproj", "{30A8501E-8987-4D1F-AD62-0DD4B4BB75E0}"
EndProject
Project("{FAE04EC0-301F-11D3-BF4B-00C04F79EFBC}") = "Assignment1Calc.Tests", "Assignment1CalcTests\Assignment1Calc.Tests.csproj", "{A8322E1E-B556-4194-8765-31791D2C520D}"
EndProject
Global
	GlobalSection(SolutionConfigurationPlatforms) = preSolution
		Debug|Any CPU = Debug|Any CPU
		Release|Any CPU = Release|Any CPU
	EndGlobalSection
	GlobalSection(ProjectConfigurationPlatforms) = postSolution
		{30A8501E-8987-4D1F-AD62-0DD4B4BB75E0}.Debug|Any CPU.ActiveCfg = Debug|Any CPU
		{30A8501E-8987-4D1F-AD62-0DD4B4BB75E0}.Debug|Any CPU.Build.0 = Debug|Any CPU
		{30A8501E-8987-4D1F-AD62-0DD4B4BB75E0}.Release|Any CPU.ActiveCfg = Release|Any CPU
		{30A8501E-8987-4D1F-AD62-0DD4B4BB75E0}.Release|Any CPU.Build.0 = Release|Any CPU
		{A8322E1E-B556-4194-8765-31791D2C520D}.Debug|Any CPU.ActiveCfg = Debug|Any CPU
		{A8322E1E-B556-4194-8765-31791D2C520D}.Debug|Any CPU.Build.0 = Debug|Any CPU
		{A8322E1E-B556-4194-8765-31791D2C520D}.Release|Any CPU.ActiveCfg = Release|Any CPU
		{A8322E1E-B556-4194-8765-31791D2C520D}.Release|Any CPU.Build.0 = Release|Any CPU
	EndGlobalSection
	GlobalSection(SolutionProperties) = preSolution
		HideSolutionNode = FALSE
	EndGlobalSection
	GlobalSection(ExtensibilityGlobals) = postSolution
		SolutionGuid = {0E99AD35-8062-4A08-89BB-F310CFDD4E73}
	EndGlobalSection
EndGlobal
